{
  "version": 4,
  "terraform_version": "1.10.0",
  "serial": 129,
  "lineage": "fa996b78-e459-8645-f689-7dd8ecb5981d",
  "outputs": {
    "external_ip_address_nginx": {
      "value": "89.169.163.136",
      "type": "string"
    },
    "internal_ip_address_nginx0": {
      "value": "10.16.0.26",
      "type": "string"
    }
  },
  "resources": [
    {
      "mode": "data",
      "type": "yandex_compute_image",
      "name": "ubuntu2404",
      "provider": "provider[\"registry.terraform.io/yandex-cloud/yandex\"]",
      "instances": [
        {
          "schema_version": 0,
          "attributes": {
            "created_at": "2024-11-25T10:59:40Z",
            "description": "Ubuntu 24.04 OsLogin",
            "family": "ubuntu-2404-lts-oslogin",
            "folder_id": "standard-images",
            "hardware_generation": [
              {
                "generation2_features": [],
                "legacy_features": [
                  {
                    "pci_topology": "PCI_TOPOLOGY_V1"
                  }
                ]
              }
            ],
            "id": "fd8chrq89mmk8tqm85r8",
            "image_id": "fd8chrq89mmk8tqm85r8",
            "labels": {},
            "min_disk_size": 10,
            "name": "ubuntu-2404-lts-oslogin-v20241125",
            "os_type": "linux",
            "pooled": true,
            "product_ids": [
              "f2et3djlqc2fl18gr8bs"
            ],
            "size": 5,
            "status": "ready"
          },
          "sensitive_attributes": []
        }
      ]
    },
    {
      "mode": "data",
      "type": "yandex_vpc_network",
      "name": "default",
      "provider": "provider[\"registry.terraform.io/yandex-cloud/yandex\"]",
      "instances": [
        {
          "schema_version": 0,
          "attributes": {
            "created_at": "2024-11-08T10:25:44Z",
            "default_security_group_id": "enph8nvndmf6tmo7urh2",
            "description": "Auto-created network",
            "folder_id": "b1ghnhdkga964vm8vfu6",
            "id": "enp014etv9tm4bcju6bq",
            "labels": {},
            "name": "default",
            "network_id": "enp014etv9tm4bcju6bq",
            "subnet_ids": [
              "e2ladjiit5nlm9m74ven",
              "e2lsbglh7iq9u6kfhn3o",
              "e9bri13lics7pf0i9vbq",
              "fl8c28ftrf5g7mdfkhl7"
            ]
          },
          "sensitive_attributes": []
        }
      ]
    },
    {
      "mode": "managed",
      "type": "local_file",
      "name": "init_yml",
      "provider": "provider[\"registry.terraform.io/hashicorp/local\"]",
      "instances": [
        {
          "schema_version": 0,
          "attributes": {
            "content": "---\n- hosts: all\n  remote_user: ubuntu\n  become: yes\n  gather_facts: no\n  tasks:\n\n  - name: Wait for system to become reachable\n    ansible.builtin.wait_for_connection:\n\n  - name: Gather facts manually\n    ansible.builtin.setup:\n  \n  - name: Set timezone\n    timezone:\n      name: Europe/Moscow\n  \n  - name: Add entries to hosts\n    copy:\n      dest: /etc/hosts\n      content: \"#\\n\n127.0.0.1\tlocalhost\\n\n10.16.0.28\tcluster1\\n\n10.16.0.10\tcluster2\\n\n10.16.0.27\tcluster3\\n\n10.16.0.26\tiscsi\\n\n\"\n\n- hosts: iscsi\n  remote_user: ubuntu\n  become: yes\n  tasks:\n \n  - name: Install targetcli-fb\n    apt:\n      name: targetcli-fb\n      state: present\n# настраиваем iscsi target с помощью сгенерированного скрипта   \n  - name: Configure target using bash script\n    script: iscsi_target.bash\n\n- hosts: cluster\n  remote_user: ubuntu\n  become: yes\n  vars:\n  - iqn_base: iqn.2024-05.otus-hl\n  tasks:\n  \n  - name: Install packages\n    apt:\n      name: \"{{ item }}\"\n      state: latest\n    with_items:\n    - pacemaker\n    - pcs\n    - gfs2-utils\n    - open-iscsi\n    - lvm2\n\n# меняем iqn iscsi клиентов\n  - name: Change InitiatorName in initiatorname.iscsi\n    ansible.builtin.lineinfile:\n      path: /etc/iscsi/initiatorname.iscsi\n      regexp: '^InitiatorName='\n      line: InitiatorName=iqn.2024-05.otus-hl:cluster.{{ inventory_hostname }}\n\n  - name: restart iscsid\n    service: \n      name: iscsid\n      state: restarted\n\n# подключаем iscsi диск на ноды\n  - name: Discover iscsi target\n    community.general.open_iscsi:\n      show_nodes: true\n      discover: true\n      portal: iscsi\n\n  - name: Connect to the target  \n    community.general.open_iscsi:\n      login: true\n      target: 'iqn.2024-05.otus-hl:storage.target00'\n\n# автозапуск и автоподключение iscsi диска при загрузке системы\n  - name: Start iscsi\n    service:\n      name: \"{{ item }}\"\n      state: started\n      enabled: yes\n    with_items:\n      - iscsi\n\n# по дефолту Pacemaker запускает свою службу под пользователем hacluster\n  - name: Set password for hacluster to '123'\n    user:\n      name: hacluster\n      password: $5$A55.Uz8o.y8MuGaf$w3axEzoOgSeGyJo3OE56a4Ki1ctGEWP1GMyU7tOVJu6\n\n  - name: Start cluster services\n    service:\n      name: \"{{ item }}\"\n      state: started\n      enabled: yes\n    with_items:\n      - pcsd\n\n# настраиваем Corosync. Аутентифицируем ноды, которые будут составлять наш кластер\n  - name: Set up corosync nodes\n    run_once: true\n    command:\n      cmd: /sbin/pcs host auth -u hacluster -p 123 cluster1 cluster2 cluster3 \n#      creates: /var/lib/pcsd/tokens\n\n# Настраиваем файл конфигурации кластера и синхронизируем конфигурацию с указанными узлами\n  - name: Create cluster\n    run_once: true\n    command:\n      cmd: /sbin/pcs cluster setup --name cluster --start --wait --enable cluster1,10.16.0.28 cluster2,10.16.0.10 cluster3,10.16.0.27\n      creates: /etc/corosync/corosync.conf\n\n# Отключаем STONIGHT, он же FENCING\n  - name: Disable fencing\n    run_once: true\n    command: /sbin/pcs property set stonith-enabled=false\n\n# Если кворум не соблюдается, замораживаем кластер\n  - name: Freeze a no-quorum policy\n    run_once: true\n    command: /sbin/pcs property set no-quorum-policy=freeze\n\n# Создаем ресурс dlm\n  - name: Create dlm\n    run_once: true\n    command: /sbin/pcs resource create dlm systemd:dlm op monitor interval=30s on-fail=ignore clone interleave=true ordered=true --wait\n    register: result\n    failed_when:\n      - result.rc != 0 and \"already exists\" not in result.stderr\n\n# Создаем ресурс clvmd\n  - name: Create clvmd\n    run_once: true\n    command: /sbin/pcs resource create clvmd ocf:heartbeat:clvm op monitor interval=30s on-fail=ignore clone interleave=true ordered=true --wait\n    register: result\n    failed_when:\n      - result.rc != 0 and \"already exists\" not in result.stderr\n\n# указываем порядок запуска ресурсов на нодах\n  - name: Set order constraint\n    run_once: true\n    command: pcs constraint order start dlm-clone then clvmd-clone\n    register: result\n    failed_when:\n    - result.rc != 0 and \"already exists\" not in result.stderr\n\n# указываем какие ресурсы размещать на одной ноде\n  - name: Set colocation constraint\n    run_once: true\n    command: pcs constraint colocation add clvmd-clone with dlm-clone\n    register: result\n    failed_when:\n    - result.rc != 0 and \"already exists\" not in result.stderr\n\n# создаем кластерный VG на iscsi диске\n  - name: Create a PV and VG\n    run_once: true\n    community.general.lvg:\n      pvs: /dev/sda\n      vg: vg01\n      vg_options: --clustered=y --autobackup=y\n\n# создаем LV на только что созданном кластерном VG\n  - name: Create a LV\n    run_once: true\n    community.general.lvol:\n      vg: vg01\n      lv: lv01\n      size: 100%VG\n\n# создаем кластерную файловую систему gfs2 на только что созданном LV\n  - name: Create a FS\n    run_once: true\n    command: mkfs.gfs2 -j 3 -p lock_dlm -t cluster:fs01 -O /dev/vg01/lv01\n    register: result\n    failed_when:\n    - result.rc != 0\n    - '\"Device or resource busy\" not in result.stderr'\n\n# Создаем ресурс clusterfs\n  - name: Create a clusterfs resource\n    run_once: true\n    command: /sbin/pcs resource create clusterfs ocf:heartbeat:Filesystem device=/dev/vg01/lv01 directory=/mnt/gfs2 fstype=gfs2 options=noatime op monitor interval=10s on-fail=ignore clone interleave=true --wait\n    register: result\n    failed_when:\n    - result.rc != 0\n    - '\"already exists\" not in result.stderr'\n\n# указываем порядок запуска ресурсов на нодах\n  - name: Set order constraint\n    run_once: true\n    command: pcs constraint order start clvmd-clone then clusterfs-clone\n    register: result\n    failed_when:\n    - result.rc != 0\n    - '\"already exists\" not in result.stderr'\n\n# указываем какие ресурсы размещать на одной ноде\n  - name: Set colocation constraint\n    run_once: true\n    command: pcs constraint colocation add clusterfs-clone with clvmd-clone\n    register: result\n    failed_when:\n    - result.rc != 0\n    - '\"already exists\" not in result.stderr'\n\n# создаем файлы с именем ноды на расшаренном диске для демонстрации одновременного доступа\n  - name: Put a test file\n    shell:\n      cmd: hostname \u003e\u003e hostnames\n      chdir: /mnt/gfs2",
            "content_base64": null,
            "content_base64sha256": "oCphv99HLJnXtybbMbNi2W0UpB74pRAz+M2KJdFS7U0=",
            "content_base64sha512": "9axfMx8w2gAm+vRKis0Z89k92BbOvq80AEY2Ho8dGpg/2NGfw/vcE3yuZGfqAeQl6SCTPzGuWzsoHX0e6ycZsQ==",
            "content_md5": "f4b2a9e60f8709aaf90ba53194f23c40",
            "content_sha1": "ba968e615194a09b5cf5b8e8a71f3fd068c0f901",
            "content_sha256": "a02a61bfdf472c99d7b726db31b362d96d14a41ef8a51033f8cd8a25d152ed4d",
            "content_sha512": "f5ac5f331f30da0026faf44a8acd19f3d93dd816cebeaf340046361e8f1d1a983fd8d19fc3fbdc137cae6467ea01e425e920933f31ae5b3b281d7d1eeb2719b1",
            "directory_permission": "0777",
            "file_permission": "0644",
            "filename": "./playbook.yml",
            "id": "ba968e615194a09b5cf5b8e8a71f3fd068c0f901",
            "sensitive_content": null,
            "source": null
          },
          "sensitive_attributes": [
            [
              {
                "type": "get_attr",
                "value": "sensitive_content"
              }
            ]
          ],
          "dependencies": [
            "data.yandex_compute_image.ubuntu2404",
            "data.yandex_vpc_network.default",
            "yandex_compute_disk.shared_disk",
            "yandex_compute_instance.cluster_instances",
            "yandex_compute_instance.iscsi",
            "yandex_vpc_subnet.subnet01"
          ]
        }
      ]
    },
    {
      "mode": "managed",
      "type": "local_file",
      "name": "inventory",
      "provider": "provider[\"registry.terraform.io/hashicorp/local\"]",
      "instances": [
        {
          "schema_version": 0,
          "attributes": {
            "content": "[iscsi_group]\niscsi ansible_host=89.169.163.136 ansible_ssh_common_args='-o StrictHostKeyChecking=no'\n\n[cluster]\ncluster1 ansible_host=89.169.172.248 ansible_ssh_common_args='-o StrictHostKeyChecking=no'\ncluster2 ansible_host=51.250.107.101 ansible_ssh_common_args='-o StrictHostKeyChecking=no'\ncluster3 ansible_host=89.169.161.141 ansible_ssh_common_args='-o StrictHostKeyChecking=no'\n",
            "content_base64": null,
            "content_base64sha256": "nEBA8zXdiL2G8Ela21PCRWCRV33K8/cqhK918DPbz6k=",
            "content_base64sha512": "Mc/Aznn1z9wqw0JqK9agmDlyj46FvkXiKjDKURbJUygoKNz9E/UGs1kIJZYtWyxfrxSvDny2EDr03HsPWjWrcw==",
            "content_md5": "74bd8e6b5a7bc40a6c978761d1629e74",
            "content_sha1": "ca7caac8ee98b1c3602ef74a4168b3d3f40c41e6",
            "content_sha256": "9c4040f335dd88bd86f0495adb53c2456091577dcaf3f72a84af75f033dbcfa9",
            "content_sha512": "31cfc0ce79f5cfdc2ac3426a2bd6a09839728f8e85be45e22a30ca5116c953282828dcfd13f506b3590825962d5b2c5faf14af0e7cb6103af4dc7b0f5a35ab73",
            "directory_permission": "0777",
            "file_permission": "0644",
            "filename": "./hosts",
            "id": "ca7caac8ee98b1c3602ef74a4168b3d3f40c41e6",
            "sensitive_content": null,
            "source": null
          },
          "sensitive_attributes": [
            [
              {
                "type": "get_attr",
                "value": "sensitive_content"
              }
            ]
          ],
          "dependencies": [
            "data.yandex_compute_image.ubuntu2404",
            "data.yandex_vpc_network.default",
            "yandex_compute_disk.shared_disk",
            "yandex_compute_instance.cluster_instances",
            "yandex_compute_instance.iscsi",
            "yandex_vpc_subnet.subnet01"
          ]
        }
      ]
    },
    {
      "mode": "managed",
      "type": "local_file",
      "name": "setup_iscsi_target",
      "provider": "provider[\"registry.terraform.io/hashicorp/local\"]",
      "instances": [
        {
          "schema_version": 0,
          "attributes": {
            "content": "#!/bin/bash\n\ntargetcli \u003c\u003c EOF\n\ncd /backstores/block\ncreate disk01 /dev/vdb\n\ncd /iscsi\ncreate iqn.2024-05.otus-hl:storage.target00\n\ncd /iscsi/iqn.2024-05.otus-hl:storage.target00/tpg1/luns\ncreate /backstores/block/disk01 lun=1\n\ncd ..\nset attribute authentication=0\n\ncd acls/\ncreate iqn.2024-05.otus-hl:cluster.cluster1\ncreate iqn.2024-05.otus-hl:cluster.cluster2\ncreate iqn.2024-05.otus-hl:cluster.cluster3\nEOF",
            "content_base64": null,
            "content_base64sha256": "6nsjarNxFrwTMqiWkmbLwGs9+dSwR4UcnyKki9VdQ/Y=",
            "content_base64sha512": "gQhiOGL7Yl4jz3578FoD3m1aB9vDjaCeQ0cK+HVQI6eGPQAbteEg1czGgbswq/VnfpWsk86ekKGgkdJaxGi4uw==",
            "content_md5": "b365d5131a8d4ed3f5c00faf35ab5d08",
            "content_sha1": "c4314a3d163d52d540127d12a233d7b9dd760148",
            "content_sha256": "ea7b236ab37116bc1332a8969266cbc06b3df9d4b047851c9f22a48bd55d43f6",
            "content_sha512": "8108623862fb625e23cf7e7bf05a03de6d5a07dbc38da09e43470af8755023a7863d001bb5e120d5ccc681bb30abf5677e95ac93ce9e90a1a091d25ac468b8bb",
            "directory_permission": "0777",
            "file_permission": "0644",
            "filename": "./iscsi_target.bash",
            "id": "c4314a3d163d52d540127d12a233d7b9dd760148",
            "sensitive_content": null,
            "source": null
          },
          "sensitive_attributes": [
            [
              {
                "type": "get_attr",
                "value": "sensitive_content"
              }
            ]
          ],
          "dependencies": [
            "data.yandex_compute_image.ubuntu2404",
            "data.yandex_vpc_network.default",
            "yandex_compute_instance.cluster_instances",
            "yandex_vpc_subnet.subnet01"
          ]
        }
      ]
    },
    {
      "mode": "managed",
      "type": "yandex_compute_disk",
      "name": "shared_disk",
      "provider": "provider[\"registry.terraform.io/yandex-cloud/yandex\"]",
      "instances": [
        {
          "schema_version": 0,
          "attributes": {
            "allow_recreate": null,
            "block_size": 4096,
            "created_at": "2024-12-12T15:20:01Z",
            "description": "",
            "disk_placement_policy": [
              {
                "disk_placement_group_id": ""
              }
            ],
            "folder_id": "b1ghnhdkga964vm8vfu6",
            "hardware_generation": [
              {
                "generation2_features": [],
                "legacy_features": [
                  {
                    "pci_topology": "PCI_TOPOLOGY_V1"
                  }
                ]
              }
            ],
            "id": "epdi5lrrgpmq9fdoq03i",
            "image_id": "",
            "labels": {},
            "name": "shared-disk",
            "product_ids": [],
            "size": 5,
            "snapshot_id": "",
            "status": "ready",
            "timeouts": null,
            "type": "network-hdd",
            "zone": "ru-central1-b"
          },
          "sensitive_attributes": [],
          "private": "eyJlMmJmYjczMC1lY2FhLTExZTYtOGY4OC0zNDM2M2JjN2M0YzAiOnsiY3JlYXRlIjozMDAwMDAwMDAwMDAsImRlbGV0ZSI6MzAwMDAwMDAwMDAwLCJ1cGRhdGUiOjMwMDAwMDAwMDAwMH19"
        }
      ]
    },
    {
      "mode": "managed",
      "type": "yandex_compute_instance",
      "name": "cluster_instances",
      "provider": "provider[\"registry.terraform.io/yandex-cloud/yandex\"]",
      "instances": [
        {
          "index_key": 0,
          "schema_version": 1,
          "attributes": {
            "allow_recreate": null,
            "allow_stopping_for_update": null,
            "boot_disk": [
              {
                "auto_delete": true,
                "device_name": "epd4t3gtei8cbl5og1qh",
                "disk_id": "epd4t3gtei8cbl5og1qh",
                "initialize_params": [
                  {
                    "block_size": 4096,
                    "description": "",
                    "image_id": "fd8chrq89mmk8tqm85r8",
                    "name": "boot-disk-cluster1",
                    "size": 10,
                    "snapshot_id": "",
                    "type": "network-hdd"
                  }
                ],
                "mode": "READ_WRITE"
              }
            ],
            "created_at": "2024-12-12T15:20:02Z",
            "description": "",
            "filesystem": [],
            "folder_id": "b1ghnhdkga964vm8vfu6",
            "fqdn": "cluster1.ru-central1.internal",
            "gpu_cluster_id": "",
            "hardware_generation": [
              {
                "generation2_features": [],
                "legacy_features": [
                  {
                    "pci_topology": "PCI_TOPOLOGY_V1"
                  }
                ]
              }
            ],
            "hostname": "cluster1",
            "id": "epd0pg7hkgm29qu8obct",
            "labels": {},
            "local_disk": [],
            "maintenance_grace_period": "",
            "maintenance_policy": null,
            "metadata": {
              "ssh-keys": "ubuntu:ssh-ed25519 AAAAC3NzaC1lZDI1NTE5AAAAIFsv6OblDNKcWCXVFwd7wFacShcXDYt/mqBrPConqp8f itbn@LearningMachine1\n"
            },
            "metadata_options": [
              {
                "aws_v1_http_endpoint": 1,
                "aws_v1_http_token": 2,
                "gce_http_endpoint": 1,
                "gce_http_token": 1
              }
            ],
            "name": "cluster1",
            "network_acceleration_type": "standard",
            "network_interface": [
              {
                "dns_record": [],
                "index": 0,
                "ip_address": "10.16.0.28",
                "ipv4": true,
                "ipv6": false,
                "ipv6_address": "",
                "ipv6_dns_record": [],
                "mac_address": "d0:0d:cc:0f:1a:42",
                "nat": true,
                "nat_dns_record": [],
                "nat_ip_address": "89.169.172.248",
                "nat_ip_version": "IPV4",
                "security_group_ids": [],
                "subnet_id": "e2ladjiit5nlm9m74ven"
              }
            ],
            "placement_policy": [
              {
                "host_affinity_rules": [],
                "placement_group_id": "",
                "placement_group_partition": 0
              }
            ],
            "platform_id": "standard-v1",
            "resources": [
              {
                "core_fraction": 100,
                "cores": 2,
                "gpus": 0,
                "memory": 2
              }
            ],
            "scheduling_policy": [
              {
                "preemptible": false
              }
            ],
            "secondary_disk": [],
            "service_account_id": "",
            "status": "running",
            "timeouts": null,
            "zone": "ru-central1-b"
          },
          "sensitive_attributes": [],
          "private": "eyJlMmJmYjczMC1lY2FhLTExZTYtOGY4OC0zNDM2M2JjN2M0YzAiOnsiY3JlYXRlIjozMDAwMDAwMDAwMDAsImRlbGV0ZSI6MzAwMDAwMDAwMDAwLCJ1cGRhdGUiOjMwMDAwMDAwMDAwMH0sInNjaGVtYV92ZXJzaW9uIjoiMSJ9",
          "dependencies": [
            "data.yandex_compute_image.ubuntu2404",
            "data.yandex_vpc_network.default",
            "yandex_vpc_subnet.subnet01"
          ]
        },
        {
          "index_key": 1,
          "schema_version": 1,
          "attributes": {
            "allow_recreate": null,
            "allow_stopping_for_update": null,
            "boot_disk": [
              {
                "auto_delete": true,
                "device_name": "epd9moa6gv3noradjh0l",
                "disk_id": "epd9moa6gv3noradjh0l",
                "initialize_params": [
                  {
                    "block_size": 4096,
                    "description": "",
                    "image_id": "fd8chrq89mmk8tqm85r8",
                    "name": "boot-disk-cluster2",
                    "size": 10,
                    "snapshot_id": "",
                    "type": "network-hdd"
                  }
                ],
                "mode": "READ_WRITE"
              }
            ],
            "created_at": "2024-12-12T15:20:02Z",
            "description": "",
            "filesystem": [],
            "folder_id": "b1ghnhdkga964vm8vfu6",
            "fqdn": "cluster2.ru-central1.internal",
            "gpu_cluster_id": "",
            "hardware_generation": [
              {
                "generation2_features": [],
                "legacy_features": [
                  {
                    "pci_topology": "PCI_TOPOLOGY_V1"
                  }
                ]
              }
            ],
            "hostname": "cluster2",
            "id": "epdap5dlitoh3lrh3f4d",
            "labels": {},
            "local_disk": [],
            "maintenance_grace_period": "",
            "maintenance_policy": null,
            "metadata": {
              "ssh-keys": "ubuntu:ssh-ed25519 AAAAC3NzaC1lZDI1NTE5AAAAIFsv6OblDNKcWCXVFwd7wFacShcXDYt/mqBrPConqp8f itbn@LearningMachine1\n"
            },
            "metadata_options": [
              {
                "aws_v1_http_endpoint": 1,
                "aws_v1_http_token": 2,
                "gce_http_endpoint": 1,
                "gce_http_token": 1
              }
            ],
            "name": "cluster2",
            "network_acceleration_type": "standard",
            "network_interface": [
              {
                "dns_record": [],
                "index": 0,
                "ip_address": "10.16.0.10",
                "ipv4": true,
                "ipv6": false,
                "ipv6_address": "",
                "ipv6_dns_record": [],
                "mac_address": "d0:0d:ac:95:b5:97",
                "nat": true,
                "nat_dns_record": [],
                "nat_ip_address": "51.250.107.101",
                "nat_ip_version": "IPV4",
                "security_group_ids": [],
                "subnet_id": "e2ladjiit5nlm9m74ven"
              }
            ],
            "placement_policy": [
              {
                "host_affinity_rules": [],
                "placement_group_id": "",
                "placement_group_partition": 0
              }
            ],
            "platform_id": "standard-v1",
            "resources": [
              {
                "core_fraction": 100,
                "cores": 2,
                "gpus": 0,
                "memory": 2
              }
            ],
            "scheduling_policy": [
              {
                "preemptible": false
              }
            ],
            "secondary_disk": [],
            "service_account_id": "",
            "status": "running",
            "timeouts": null,
            "zone": "ru-central1-b"
          },
          "sensitive_attributes": [],
          "private": "eyJlMmJmYjczMC1lY2FhLTExZTYtOGY4OC0zNDM2M2JjN2M0YzAiOnsiY3JlYXRlIjozMDAwMDAwMDAwMDAsImRlbGV0ZSI6MzAwMDAwMDAwMDAwLCJ1cGRhdGUiOjMwMDAwMDAwMDAwMH0sInNjaGVtYV92ZXJzaW9uIjoiMSJ9",
          "dependencies": [
            "data.yandex_compute_image.ubuntu2404",
            "data.yandex_vpc_network.default",
            "yandex_vpc_subnet.subnet01"
          ]
        },
        {
          "index_key": 2,
          "schema_version": 1,
          "attributes": {
            "allow_recreate": null,
            "allow_stopping_for_update": null,
            "boot_disk": [
              {
                "auto_delete": true,
                "device_name": "epdkrgjvqo30i61e47i1",
                "disk_id": "epdkrgjvqo30i61e47i1",
                "initialize_params": [
                  {
                    "block_size": 4096,
                    "description": "",
                    "image_id": "fd8chrq89mmk8tqm85r8",
                    "name": "boot-disk-cluster3",
                    "size": 10,
                    "snapshot_id": "",
                    "type": "network-hdd"
                  }
                ],
                "mode": "READ_WRITE"
              }
            ],
            "created_at": "2024-12-12T15:20:02Z",
            "description": "",
            "filesystem": [],
            "folder_id": "b1ghnhdkga964vm8vfu6",
            "fqdn": "cluster3.ru-central1.internal",
            "gpu_cluster_id": "",
            "hardware_generation": [
              {
                "generation2_features": [],
                "legacy_features": [
                  {
                    "pci_topology": "PCI_TOPOLOGY_V1"
                  }
                ]
              }
            ],
            "hostname": "cluster3",
            "id": "epdhd2k65gade9m2lkgi",
            "labels": {},
            "local_disk": [],
            "maintenance_grace_period": "",
            "maintenance_policy": null,
            "metadata": {
              "ssh-keys": "ubuntu:ssh-ed25519 AAAAC3NzaC1lZDI1NTE5AAAAIFsv6OblDNKcWCXVFwd7wFacShcXDYt/mqBrPConqp8f itbn@LearningMachine1\n"
            },
            "metadata_options": [
              {
                "aws_v1_http_endpoint": 1,
                "aws_v1_http_token": 2,
                "gce_http_endpoint": 1,
                "gce_http_token": 1
              }
            ],
            "name": "cluster3",
            "network_acceleration_type": "standard",
            "network_interface": [
              {
                "dns_record": [],
                "index": 0,
                "ip_address": "10.16.0.27",
                "ipv4": true,
                "ipv6": false,
                "ipv6_address": "",
                "ipv6_dns_record": [],
                "mac_address": "d0:0d:11:68:a8:62",
                "nat": true,
                "nat_dns_record": [],
                "nat_ip_address": "89.169.161.141",
                "nat_ip_version": "IPV4",
                "security_group_ids": [],
                "subnet_id": "e2ladjiit5nlm9m74ven"
              }
            ],
            "placement_policy": [
              {
                "host_affinity_rules": [],
                "placement_group_id": "",
                "placement_group_partition": 0
              }
            ],
            "platform_id": "standard-v1",
            "resources": [
              {
                "core_fraction": 100,
                "cores": 2,
                "gpus": 0,
                "memory": 2
              }
            ],
            "scheduling_policy": [
              {
                "preemptible": false
              }
            ],
            "secondary_disk": [],
            "service_account_id": "",
            "status": "running",
            "timeouts": null,
            "zone": "ru-central1-b"
          },
          "sensitive_attributes": [],
          "private": "eyJlMmJmYjczMC1lY2FhLTExZTYtOGY4OC0zNDM2M2JjN2M0YzAiOnsiY3JlYXRlIjozMDAwMDAwMDAwMDAsImRlbGV0ZSI6MzAwMDAwMDAwMDAwLCJ1cGRhdGUiOjMwMDAwMDAwMDAwMH0sInNjaGVtYV92ZXJzaW9uIjoiMSJ9",
          "dependencies": [
            "data.yandex_compute_image.ubuntu2404",
            "data.yandex_vpc_network.default",
            "yandex_vpc_subnet.subnet01"
          ]
        }
      ]
    },
    {
      "mode": "managed",
      "type": "yandex_compute_instance",
      "name": "iscsi",
      "provider": "provider[\"registry.terraform.io/yandex-cloud/yandex\"]",
      "instances": [
        {
          "schema_version": 1,
          "attributes": {
            "allow_recreate": null,
            "allow_stopping_for_update": null,
            "boot_disk": [
              {
                "auto_delete": true,
                "device_name": "epd1mam6ov1o4juu2n3o",
                "disk_id": "epd1mam6ov1o4juu2n3o",
                "initialize_params": [
                  {
                    "block_size": 4096,
                    "description": "",
                    "image_id": "fd8chrq89mmk8tqm85r8",
                    "name": "boot-disk-iscsi",
                    "size": 10,
                    "snapshot_id": "",
                    "type": "network-hdd"
                  }
                ],
                "mode": "READ_WRITE"
              }
            ],
            "created_at": "2024-12-12T15:20:11Z",
            "description": "",
            "filesystem": [],
            "folder_id": "b1ghnhdkga964vm8vfu6",
            "fqdn": "iscsi.ru-central1.internal",
            "gpu_cluster_id": "",
            "hardware_generation": [
              {
                "generation2_features": [],
                "legacy_features": [
                  {
                    "pci_topology": "PCI_TOPOLOGY_V1"
                  }
                ]
              }
            ],
            "hostname": "iscsi",
            "id": "epd9qv15j49ku1or231k",
            "labels": {},
            "local_disk": [],
            "maintenance_grace_period": "",
            "maintenance_policy": null,
            "metadata": {
              "ssh-keys": "ubuntu:ssh-ed25519 AAAAC3NzaC1lZDI1NTE5AAAAIFsv6OblDNKcWCXVFwd7wFacShcXDYt/mqBrPConqp8f itbn@LearningMachine1\n"
            },
            "metadata_options": [
              {
                "aws_v1_http_endpoint": 1,
                "aws_v1_http_token": 2,
                "gce_http_endpoint": 1,
                "gce_http_token": 1
              }
            ],
            "name": "iscsi",
            "network_acceleration_type": "standard",
            "network_interface": [
              {
                "dns_record": [],
                "index": 0,
                "ip_address": "10.16.0.26",
                "ipv4": true,
                "ipv6": false,
                "ipv6_address": "",
                "ipv6_dns_record": [],
                "mac_address": "d0:0d:9d:7c:25:99",
                "nat": true,
                "nat_dns_record": [],
                "nat_ip_address": "89.169.163.136",
                "nat_ip_version": "IPV4",
                "security_group_ids": [],
                "subnet_id": "e2ladjiit5nlm9m74ven"
              }
            ],
            "placement_policy": [
              {
                "host_affinity_rules": [],
                "placement_group_id": "",
                "placement_group_partition": 0
              }
            ],
            "platform_id": "standard-v1",
            "resources": [
              {
                "core_fraction": 100,
                "cores": 2,
                "gpus": 0,
                "memory": 2
              }
            ],
            "scheduling_policy": [
              {
                "preemptible": false
              }
            ],
            "secondary_disk": [
              {
                "auto_delete": false,
                "device_name": "shared_disk",
                "disk_id": "epdi5lrrgpmq9fdoq03i",
                "mode": "READ_WRITE"
              }
            ],
            "service_account_id": "",
            "status": "running",
            "timeouts": null,
            "zone": "ru-central1-b"
          },
          "sensitive_attributes": [],
          "private": "eyJlMmJmYjczMC1lY2FhLTExZTYtOGY4OC0zNDM2M2JjN2M0YzAiOnsiY3JlYXRlIjozMDAwMDAwMDAwMDAsImRlbGV0ZSI6MzAwMDAwMDAwMDAwLCJ1cGRhdGUiOjMwMDAwMDAwMDAwMH0sInNjaGVtYV92ZXJzaW9uIjoiMSJ9",
          "dependencies": [
            "data.yandex_compute_image.ubuntu2404",
            "data.yandex_vpc_network.default",
            "yandex_compute_disk.shared_disk",
            "yandex_vpc_subnet.subnet01"
          ]
        }
      ]
    },
    {
      "mode": "managed",
      "type": "yandex_vpc_subnet",
      "name": "subnet01",
      "provider": "provider[\"registry.terraform.io/yandex-cloud/yandex\"]",
      "instances": [
        {
          "schema_version": 0,
          "attributes": {
            "created_at": "2024-12-12T15:20:01Z",
            "description": "",
            "dhcp_options": [],
            "folder_id": "b1ghnhdkga964vm8vfu6",
            "id": "e2ladjiit5nlm9m74ven",
            "labels": {},
            "name": "subnet01",
            "network_id": "enp014etv9tm4bcju6bq",
            "route_table_id": "",
            "timeouts": null,
            "v4_cidr_blocks": [
              "10.16.0.0/24"
            ],
            "v6_cidr_blocks": [],
            "zone": "ru-central1-b"
          },
          "sensitive_attributes": [],
          "private": "eyJlMmJmYjczMC1lY2FhLTExZTYtOGY4OC0zNDM2M2JjN2M0YzAiOnsiY3JlYXRlIjoxODAwMDAwMDAwMDAsImRlbGV0ZSI6MTgwMDAwMDAwMDAwLCJ1cGRhdGUiOjE4MDAwMDAwMDAwMH19",
          "dependencies": [
            "data.yandex_vpc_network.default"
          ]
        }
      ]
    }
  ],
  "check_results": null
}
