{
  "version": 4,
  "terraform_version": "1.10.0",
  "serial": 465,
  "lineage": "fa996b78-e459-8645-f689-7dd8ecb5981d",
  "outputs": {
    "external_ip_address_nginx": {
      "value": "158.160.3.84",
      "type": "string"
    },
    "internal_ip_address_nginx0": {
      "value": "10.16.0.14",
      "type": "string"
    }
  },
  "resources": [
    {
      "mode": "data",
      "type": "yandex_compute_image",
      "name": "ubuntu2404",
      "provider": "provider[\"registry.terraform.io/yandex-cloud/yandex\"]",
      "instances": [
        {
          "schema_version": 0,
          "attributes": {
            "created_at": "2024-12-16T11:01:25Z",
            "description": "Ubuntu 24.04 OsLogin",
            "family": "ubuntu-2404-lts-oslogin",
            "folder_id": "standard-images",
            "hardware_generation": [
              {
                "generation2_features": [],
                "legacy_features": [
                  {
                    "pci_topology": "PCI_TOPOLOGY_V1"
                  }
                ]
              }
            ],
            "id": "fd8o9coe41hlf4uc194g",
            "image_id": "fd8o9coe41hlf4uc194g",
            "labels": {},
            "min_disk_size": 10,
            "name": "ubuntu-2404-lts-oslogin-v20241216",
            "os_type": "linux",
            "pooled": true,
            "product_ids": [
              "f2e7iks3bqlo4amm0f55"
            ],
            "size": 5,
            "status": "ready"
          },
          "sensitive_attributes": []
        }
      ]
    },
    {
      "mode": "data",
      "type": "yandex_vpc_network",
      "name": "default",
      "provider": "provider[\"registry.terraform.io/yandex-cloud/yandex\"]",
      "instances": [
        {
          "schema_version": 0,
          "attributes": {
            "created_at": "2024-11-08T10:25:44Z",
            "default_security_group_id": "enph8nvndmf6tmo7urh2",
            "description": "Auto-created network",
            "folder_id": "b1ghnhdkga964vm8vfu6",
            "id": "enp014etv9tm4bcju6bq",
            "labels": {},
            "name": "default",
            "network_id": "enp014etv9tm4bcju6bq",
            "subnet_ids": [
              "e2lm7d8l1lrlmhf5tv0n",
              "e2lsbglh7iq9u6kfhn3o",
              "e9bri13lics7pf0i9vbq",
              "fl8c28ftrf5g7mdfkhl7"
            ]
          },
          "sensitive_attributes": []
        }
      ]
    },
    {
      "mode": "managed",
      "type": "local_file",
      "name": "inventory",
      "provider": "provider[\"registry.terraform.io/hashicorp/local\"]",
      "instances": [
        {
          "schema_version": 0,
          "attributes": {
            "content": "[iscsi_group]\niscsi ansible_host=158.160.3.84 ansible_ssh_common_args='-o StrictHostKeyChecking=no'\n\n[cluster]\nmycluster1 ansible_host=89.169.161.143 ansible_ssh_common_args='-o StrictHostKeyChecking=no'\nmycluster2 ansible_host=130.193.53.102 ansible_ssh_common_args='-o StrictHostKeyChecking=no'\nmycluster3 ansible_host=89.169.174.185 ansible_ssh_common_args='-o StrictHostKeyChecking=no'\n",
            "content_base64": null,
            "content_base64sha256": "W1klfnNpKvM7ucI5qIhAZ/3oi5LP0xECIf5lcMgPihg=",
            "content_base64sha512": "yRNJKT//dMYqIsARZhyLd0oke2NzbyK4g2OJk+Qxi8WA1ON6iWAvLtEHpZ5ubpGxksVErMvXKMGN2PbhqFOfwQ==",
            "content_md5": "25f2d96b7fcb1dd6b496ff0abaf96618",
            "content_sha1": "c668001b61260d532936b7627791e104620ead79",
            "content_sha256": "5b59257e73692af33bb9c239a8884067fde88b92cfd3110221fe6570c80f8a18",
            "content_sha512": "c91349293fff74c62a22c011661c8b774a247b63736f22b883638993e4318bc580d4e37a89602f2ed107a59e6e6e91b192c544accbd728c18dd8f6e1a8539fc1",
            "directory_permission": "0777",
            "file_permission": "0644",
            "filename": "./hosts",
            "id": "c668001b61260d532936b7627791e104620ead79",
            "sensitive_content": null,
            "source": null
          },
          "sensitive_attributes": [
            [
              {
                "type": "get_attr",
                "value": "sensitive_content"
              }
            ]
          ],
          "dependencies": [
            "data.yandex_compute_image.ubuntu2404",
            "data.yandex_vpc_network.default",
            "yandex_compute_disk.shared_disk",
            "yandex_compute_instance.cluster_instances",
            "yandex_compute_instance.iscsi",
            "yandex_vpc_subnet.subnet01"
          ]
        }
      ]
    },
    {
      "mode": "managed",
      "type": "local_file",
      "name": "playbook_yml",
      "provider": "provider[\"registry.terraform.io/hashicorp/local\"]",
      "instances": [
        {
          "schema_version": 0,
          "attributes": {
            "content": "---\n- hosts: all\n  remote_user: ubuntu\n  become: yes\n  gather_facts: no\n  tasks:\n  \n# ждем пока виртуальные машины придут в себя. иначе могу быть баги с утановкой пакетов  \n  - name: Pause for 2 minutes\n    ansible.builtin.pause:\n      minutes: 2\n\n  - name: Wait for system to become reachable\n    ansible.builtin.wait_for_connection:\n\n  - name: Gather facts manually\n    ansible.builtin.setup:\n  \n  - name: Set timezone\n    timezone:\n      name: Europe/Moscow\n  \n  - name: Add entries to hosts\n    copy:\n      dest: /etc/hosts\n      content: \"#\\n\n127.0.0.1\tlocalhost\\n\n10.16.0.4\tmycluster1\\n\n10.16.0.11\tmycluster2\\n\n10.16.0.35\tmycluster3\\n\n10.16.0.14\tiscsi\\n\n\"\n\n- hosts: iscsi\n  remote_user: ubuntu\n  become: yes\n  tasks:\n \n  - name: Install targetcli-fb\n    apt:\n      name: targetcli-fb\n      state: present\n# настраиваем iscsi target с помощью сгенерированного скрипта   \n  - name: Configure target using bash script\n    script: iscsi_target.bash\n\n- hosts: cluster\n  remote_user: ubuntu\n  become: yes\n  vars:\n  - iqn_base: iqn.2024-05.otus-hl\n  tasks:\n  \n  - name: Install packages\n    apt:\n      name: \"{{ item }}\"\n      state: latest\n    with_items:\n    - pacemaker\n    - pcs\n    - gfs2-utils\n    - open-iscsi\n    - lvm2\n    - dlm-controld\n    - lvm2-lockd\n    - resource-agents-extra\n    - resource-agents-common\n    - resource-agents-base\n    - watchdog \n    - pcp-zeroconf\n    - fence-agents-scsi\n\n# меняем iqn iscsi клиентов\n  - name: Change InitiatorName in initiatorname.iscsi\n    ansible.builtin.lineinfile:\n      path: /etc/iscsi/initiatorname.iscsi\n      regexp: '^InitiatorName='\n      line: InitiatorName=iqn.2024-05.otus-hl:mycluster.{{ inventory_hostname }}\n\n  - name: restart iscsid\n    service: \n      name: iscsid\n      state: restarted\n\n# подключаем iscsi диск на ноды\n  - name: Discover iscsi target\n    community.general.open_iscsi:\n      show_nodes: true\n      discover: true\n      portal: iscsi\n\n  - name: Connect to the target  \n    community.general.open_iscsi:\n      login: true\n      target: 'iqn.2024-05.otus-hl:storage.target00'\n\n# автозапуск и автоподключение iscsi диска при загрузке системы\n  - name: Start iscsi\n    service:\n      name: \"{{ item }}\"\n      state: started\n      enabled: yes\n    with_items:\n      - iscsi\n\n# по дефолту Pacemaker запускает свою службу под пользователем hacluster\n  - name: Set password for hacluster to '123'\n    user:\n      name: hacluster\n      password: $5$A55.Uz8o.y8MuGaf$w3axEzoOgSeGyJo3OE56a4Ki1ctGEWP1GMyU7tOVJu6\n\n# стартуем pcsd\n  - name: Start cluster services\n    service:\n      name: \"{{ item }}\"\n      state: started\n      enabled: yes\n    with_items:\n      - pcsd\n\n# аутентифицируем ноды, которые будут составлять наш кластер\n  - name: authorize among nodes\n    run_once: true\n    command:\n      cmd: /sbin/pcs host auth -u hacluster -p 123 mycluster1 mycluster2 mycluster3 \n      creates: /var/lib/pcsd/tokens\n\n# настраиваем кластер\n  - name: configure cluster\n    tags: set cluster\n    run_once: true\n    command:\n      cmd: pcs cluster setup mycluster --start --enable mycluster1 mycluster2 mycluster3 --force\n      \n\n# копируем fencing скрипт для мониторинга iscsi в watchdog.d\n  - name: copy fence_scsi_check script to watchdog.d directory\n    tags: copy fence_scsi_check\n    ansible.builtin.copy:\n      src: /usr/share/cluster/fence_scsi_check\n      dest: /etc/watchdog.d/\n      remote_src: yes\n\n# запускаем watchdog\n  - name: start watchdog\n    tags: start watchdog\n    ansible.builtin.service:\n      name: watchdog\n      state: started\n      enabled: yes\n\n# получаем wwn-идентификатор iscsi диска\n  - name: confirm iscsi disk ID\n    tags: wwn-id\n    run_once: true\n    ansible.builtin.shell: ls -l /dev/disk/by-id | grep sda | grep wwn | cut -d ' ' -f 10\n    register: wwn_id\n\n  - name: show wwn id\n    tags: wwn-id\n    run_once: true\n    ansible.builtin.debug: \n      msg: WWN-ID  {{wwn_id.stdout}}\n    \n\n# настраиваем fencing\n  - name: set fencing\n    tags: set fencing\n    run_once: true\n    ansible.builtin.command: \n      cmd: pcs stonith create scsi-shooter fence_scsi pcmk_host_list=\" mycluster1 mycluster2 mycluster3\" devices=/dev/disk/by-id/{{wwn_id.stdout}} meta provides=unfencing\n    \n# включаем поддержку lvmlockd\n  - name: uncomment use_lvmlockd in lvm.conf\n    tags: set use_lvmlockd\n    ansible.builtin.lineinfile:\n      dest: /etc/lvm/lvm.conf\n      regexp: '#\\s*use_lvmlockd = 0'\n      line: 'use_lvmlockd = 1'\n\n# устанавливаем [no-quorum-policy=freeze] на GFS2\n  - name: Freeze a no-quorum policy\n    tags: set no-quorum-policy\n    run_once: true\n    command: /sbin/pcs property set no-quorum-policy=freeze\n\n# Создаем ресурс controld\n  - name: create controld resource\n    tags: set controld\n    run_once: true\n    command: /sbin/pcs resource create dlm ocf:pacemaker:controld op monitor interval=30s on-fail=fence group locking --future\n    register: result\n    failed_when:\n      - result.rc != 0 and \"already exists\" not in result.stderr\n\n  - name: create clone of [locking] to activate it on all nodes in cluster\n    tags: set locking\n    run_once: true\n    command: pcs resource clone locking interleave=true\n\n# Создаем ресурс lvmlockd\n  - name: create lvmlockd resource\n    tags: set lvmlockd\n    run_once: true\n    command: /sbin/pcs resource create lvmlockdd ocf:heartbeat:lvmlockd op monitor interval=30s on-fail=fence group locking --future\n    register: result\n    failed_when:\n      - result.rc != 0 and \"already exists\" not in result.stderr\n\n# создаем кластерный VG на iscsi диске\n  - name: create a PV and VG\n    tags: set vg\n    run_once: true\n    community.general.lvg:\n      pvs: /dev/sda\n      vg: vg01\n      vg_options: --shared\n\n# на всех нодах запускаем lock manager для iscsi диска\n  - name: start lock manager for shared volume\n    tags: set lockmanager\n    command: vgchange --lock-start vg01 \n\n# создаем LV \n  - name: create logical volume\n    tags: set lv\n    run_once: true\n    community.general.lvol:\n      vg: vg01\n      lv: lv01\n      size: 100%VG\n\n# создаем кластерную файловую систему gfs2 на только что созданном LV\n  - name: create a FS\n    tags: set fs\n    run_once: true\n    command: mkfs.gfs2 -j 3 -p lock_dlm -t mycluster:fs01 -O /dev/vg01/lv01\n    register: result\n    failed_when:\n    - result.rc != 0\n    - '\"Device or resource busy\" not in result.stderr'\n\n# создаем LVM-activate ресурс\n  - name: create LVM-activate resource\n    tags: set LVM-activate\n    run_once: true\n    command: pcs resource create shared_lv ocf:heartbeat:LVM-activate lvname=lv01 vgname=vg01 activation_mode=shared vg_access_mode=lvmlockd group shared_vg --future\n\n  - name: create clone of [LVM-activate]\n    tags: set LVM-activate\n    run_once: true\n    command: pcs resource clone shared_vg interleave=true\n\n# устанавливаем порядок запуска ресурсов\n  - name: set that [shared_vg] and [locking] start on a same node\n    tags: set constraint\n    run_once: true\n    command: pcs constraint colocation add shared_vg-clone with locking-clone\n    register: result\n    failed_when:\n      - result.rc != 0 and \"already exists\" not in result.stderr\n\n# создаем Filesystem ресурс\n  - name: create Filesystem resource\n    tags: create filesystem resource\n    run_once: true\n    command: pcs resource create shared_fs ocf:heartbeat:Filesystem device=\"/dev/vg01/lv01\" directory=\"/mnt\" fstype=\"gfs2\" options=noatime op monitor interval=10s on-fail=fence group shared_vg --future\n\n  - name: Pause for 10 seconds\n    ansible.builtin.pause:\n      seconds: 10\n\n# создаем файлы с именем ноды на расшаренном диске для демонстрации одновременного доступа\n  - name: put a test file\n    tags: put a test file\n    shell:\n      cmd: hostname \u003e\u003e hostnames\n      chdir: /mnt",
            "content_base64": null,
            "content_base64sha256": "MvIoEzK3bvasE/UE4zj1q0fpkok5REK36C3WJm+ZydI=",
            "content_base64sha512": "EnI5AaCA9L6Lt1UPRSyY/E0Zi6/wYpnn5IeqVBZRim7Ykeq7uA9KEuFkqqHnMTX3PSyoOI2V5lZD4nNBpUJcLQ==",
            "content_md5": "2cf6050f3eae6f02f948228e1e812a34",
            "content_sha1": "c1024a8c2bddbfd4b03bde465891ec53d2599ac0",
            "content_sha256": "32f2281332b76ef6ac13f504e338f5ab47e99289394442b7e82dd6266f99c9d2",
            "content_sha512": "12723901a080f4be8bb7550f452c98fc4d198baff06299e7e487aa5416518a6ed891eabbb80f4a12e164aaa1e73135f73d2ca8388d95e65643e27341a5425c2d",
            "directory_permission": "0777",
            "file_permission": "0644",
            "filename": "./playbook.yml",
            "id": "c1024a8c2bddbfd4b03bde465891ec53d2599ac0",
            "sensitive_content": null,
            "source": null
          },
          "sensitive_attributes": [
            [
              {
                "type": "get_attr",
                "value": "sensitive_content"
              }
            ]
          ],
          "dependencies": [
            "data.yandex_compute_image.ubuntu2404",
            "data.yandex_vpc_network.default",
            "yandex_compute_disk.shared_disk",
            "yandex_compute_instance.cluster_instances",
            "yandex_compute_instance.iscsi",
            "yandex_vpc_subnet.subnet01"
          ]
        }
      ]
    },
    {
      "mode": "managed",
      "type": "local_file",
      "name": "setup_iscsi_target",
      "provider": "provider[\"registry.terraform.io/hashicorp/local\"]",
      "instances": [
        {
          "schema_version": 0,
          "attributes": {
            "content": "#!/bin/bash\n\ntargetcli \u003c\u003c EOF\n\ncd /backstores/block\ncreate disk01 /dev/vdb\n\ncd /iscsi\ncreate iqn.2024-05.otus-hl:storage.target00\n\ncd /iscsi/iqn.2024-05.otus-hl:storage.target00/tpg1/luns\ncreate /backstores/block/disk01 lun=1\n\ncd ..\nset attribute authentication=0\n\ncd acls/\ncreate iqn.2024-05.otus-hl:mycluster.mycluster1\ncreate iqn.2024-05.otus-hl:mycluster.mycluster2\ncreate iqn.2024-05.otus-hl:mycluster.mycluster3\nEOF",
            "content_base64": null,
            "content_base64sha256": "v6F924ltxMI6zMJIF3YE+GP4qVGd7dPGSvUMMQso1BE=",
            "content_base64sha512": "ygUejZLOMB/sW30lgb/b/n1HpNuKRAfotkC1pt8gB8DsnsLtabA09JZ8Mea9fSvXIo5CTJprj+z33ocBiM/5lg==",
            "content_md5": "585fdc1ca8cd3a5f14c5f9a362bcd556",
            "content_sha1": "431936a2c9dd59a78724c688ba4693aa5a2cf2e3",
            "content_sha256": "bfa17ddb896dc4c23accc248177604f863f8a9519dedd3c64af50c310b28d411",
            "content_sha512": "ca051e8d92ce301fec5b7d2581bfdbfe7d47a4db8a4407e8b640b5a6df2007c0ec9ec2ed69b034f4967c31e6bd7d2bd7228e424c9a6b8fecf7de870188cff996",
            "directory_permission": "0777",
            "file_permission": "0644",
            "filename": "./iscsi_target.bash",
            "id": "431936a2c9dd59a78724c688ba4693aa5a2cf2e3",
            "sensitive_content": null,
            "source": null
          },
          "sensitive_attributes": [
            [
              {
                "type": "get_attr",
                "value": "sensitive_content"
              }
            ]
          ],
          "dependencies": [
            "data.yandex_compute_image.ubuntu2404",
            "data.yandex_vpc_network.default",
            "yandex_compute_instance.cluster_instances",
            "yandex_vpc_subnet.subnet01"
          ]
        }
      ]
    },
    {
      "mode": "managed",
      "type": "null_resource",
      "name": "ansible",
      "provider": "provider[\"registry.terraform.io/hashicorp/null\"]",
      "instances": [
        {
          "schema_version": 0,
          "attributes": {
            "id": "3721471394353334188",
            "triggers": null
          },
          "sensitive_attributes": [],
          "dependencies": [
            "data.yandex_compute_image.ubuntu2404",
            "data.yandex_vpc_network.default",
            "local_file.inventory",
            "local_file.playbook_yml",
            "yandex_compute_disk.shared_disk",
            "yandex_compute_instance.cluster_instances",
            "yandex_compute_instance.iscsi",
            "yandex_vpc_subnet.subnet01"
          ]
        }
      ]
    },
    {
      "mode": "managed",
      "type": "yandex_compute_disk",
      "name": "shared_disk",
      "provider": "provider[\"registry.terraform.io/yandex-cloud/yandex\"]",
      "instances": [
        {
          "schema_version": 0,
          "attributes": {
            "allow_recreate": null,
            "block_size": 4096,
            "created_at": "2024-12-17T16:54:35Z",
            "description": "",
            "disk_placement_policy": [
              {
                "disk_placement_group_id": ""
              }
            ],
            "folder_id": "b1ghnhdkga964vm8vfu6",
            "hardware_generation": [
              {
                "generation2_features": [],
                "legacy_features": [
                  {
                    "pci_topology": "PCI_TOPOLOGY_V1"
                  }
                ]
              }
            ],
            "id": "epdgal63chng41pl7527",
            "image_id": "",
            "labels": {},
            "name": "shared-disk",
            "product_ids": [],
            "size": 5,
            "snapshot_id": "",
            "status": "ready",
            "timeouts": null,
            "type": "network-hdd",
            "zone": "ru-central1-b"
          },
          "sensitive_attributes": [],
          "private": "eyJlMmJmYjczMC1lY2FhLTExZTYtOGY4OC0zNDM2M2JjN2M0YzAiOnsiY3JlYXRlIjozMDAwMDAwMDAwMDAsImRlbGV0ZSI6MzAwMDAwMDAwMDAwLCJ1cGRhdGUiOjMwMDAwMDAwMDAwMH19"
        }
      ]
    },
    {
      "mode": "managed",
      "type": "yandex_compute_instance",
      "name": "cluster_instances",
      "provider": "provider[\"registry.terraform.io/yandex-cloud/yandex\"]",
      "instances": [
        {
          "index_key": 0,
          "schema_version": 1,
          "attributes": {
            "allow_recreate": null,
            "allow_stopping_for_update": null,
            "boot_disk": [
              {
                "auto_delete": true,
                "device_name": "epdh4sdl9htgro9fen1b",
                "disk_id": "epdh4sdl9htgro9fen1b",
                "initialize_params": [
                  {
                    "block_size": 4096,
                    "description": "",
                    "image_id": "fd8o9coe41hlf4uc194g",
                    "name": "boot-disk-mycluster1",
                    "size": 10,
                    "snapshot_id": "",
                    "type": "network-hdd"
                  }
                ],
                "mode": "READ_WRITE"
              }
            ],
            "created_at": "2024-12-17T16:54:35Z",
            "description": "",
            "filesystem": [],
            "folder_id": "b1ghnhdkga964vm8vfu6",
            "fqdn": "mycluster1.ru-central1.internal",
            "gpu_cluster_id": "",
            "hardware_generation": [
              {
                "generation2_features": [],
                "legacy_features": [
                  {
                    "pci_topology": "PCI_TOPOLOGY_V1"
                  }
                ]
              }
            ],
            "hostname": "mycluster1",
            "id": "epda9om3jkhnsvnjfp9c",
            "labels": {},
            "local_disk": [],
            "maintenance_grace_period": "",
            "maintenance_policy": null,
            "metadata": {
              "ssh-keys": "ubuntu:ssh-ed25519 AAAAC3NzaC1lZDI1NTE5AAAAIFsv6OblDNKcWCXVFwd7wFacShcXDYt/mqBrPConqp8f itbn@LearningMachine1\n"
            },
            "metadata_options": [
              {
                "aws_v1_http_endpoint": 1,
                "aws_v1_http_token": 2,
                "gce_http_endpoint": 1,
                "gce_http_token": 1
              }
            ],
            "name": "mycluster1",
            "network_acceleration_type": "standard",
            "network_interface": [
              {
                "dns_record": [],
                "index": 0,
                "ip_address": "10.16.0.4",
                "ipv4": true,
                "ipv6": false,
                "ipv6_address": "",
                "ipv6_dns_record": [],
                "mac_address": "d0:0d:a4:e2:c3:9d",
                "nat": true,
                "nat_dns_record": [],
                "nat_ip_address": "89.169.161.143",
                "nat_ip_version": "IPV4",
                "security_group_ids": [],
                "subnet_id": "e2lm7d8l1lrlmhf5tv0n"
              }
            ],
            "placement_policy": [
              {
                "host_affinity_rules": [],
                "placement_group_id": "",
                "placement_group_partition": 0
              }
            ],
            "platform_id": "standard-v1",
            "resources": [
              {
                "core_fraction": 100,
                "cores": 2,
                "gpus": 0,
                "memory": 2
              }
            ],
            "scheduling_policy": [
              {
                "preemptible": false
              }
            ],
            "secondary_disk": [],
            "service_account_id": "",
            "status": "running",
            "timeouts": null,
            "zone": "ru-central1-b"
          },
          "sensitive_attributes": [],
          "private": "eyJlMmJmYjczMC1lY2FhLTExZTYtOGY4OC0zNDM2M2JjN2M0YzAiOnsiY3JlYXRlIjozMDAwMDAwMDAwMDAsImRlbGV0ZSI6MzAwMDAwMDAwMDAwLCJ1cGRhdGUiOjMwMDAwMDAwMDAwMH0sInNjaGVtYV92ZXJzaW9uIjoiMSJ9",
          "dependencies": [
            "data.yandex_compute_image.ubuntu2404",
            "data.yandex_vpc_network.default",
            "yandex_vpc_subnet.subnet01"
          ]
        },
        {
          "index_key": 1,
          "schema_version": 1,
          "attributes": {
            "allow_recreate": null,
            "allow_stopping_for_update": null,
            "boot_disk": [
              {
                "auto_delete": true,
                "device_name": "epdiel5p8p6erjnlrfuc",
                "disk_id": "epdiel5p8p6erjnlrfuc",
                "initialize_params": [
                  {
                    "block_size": 4096,
                    "description": "",
                    "image_id": "fd8o9coe41hlf4uc194g",
                    "name": "boot-disk-mycluster2",
                    "size": 10,
                    "snapshot_id": "",
                    "type": "network-hdd"
                  }
                ],
                "mode": "READ_WRITE"
              }
            ],
            "created_at": "2024-12-17T16:54:35Z",
            "description": "",
            "filesystem": [],
            "folder_id": "b1ghnhdkga964vm8vfu6",
            "fqdn": "mycluster2.ru-central1.internal",
            "gpu_cluster_id": "",
            "hardware_generation": [
              {
                "generation2_features": [],
                "legacy_features": [
                  {
                    "pci_topology": "PCI_TOPOLOGY_V1"
                  }
                ]
              }
            ],
            "hostname": "mycluster2",
            "id": "epddtpcg58ntvl3u9pjq",
            "labels": {},
            "local_disk": [],
            "maintenance_grace_period": "",
            "maintenance_policy": null,
            "metadata": {
              "ssh-keys": "ubuntu:ssh-ed25519 AAAAC3NzaC1lZDI1NTE5AAAAIFsv6OblDNKcWCXVFwd7wFacShcXDYt/mqBrPConqp8f itbn@LearningMachine1\n"
            },
            "metadata_options": [
              {
                "aws_v1_http_endpoint": 1,
                "aws_v1_http_token": 2,
                "gce_http_endpoint": 1,
                "gce_http_token": 1
              }
            ],
            "name": "mycluster2",
            "network_acceleration_type": "standard",
            "network_interface": [
              {
                "dns_record": [],
                "index": 0,
                "ip_address": "10.16.0.11",
                "ipv4": true,
                "ipv6": false,
                "ipv6_address": "",
                "ipv6_dns_record": [],
                "mac_address": "d0:0d:de:e5:90:2a",
                "nat": true,
                "nat_dns_record": [],
                "nat_ip_address": "130.193.53.102",
                "nat_ip_version": "IPV4",
                "security_group_ids": [],
                "subnet_id": "e2lm7d8l1lrlmhf5tv0n"
              }
            ],
            "placement_policy": [
              {
                "host_affinity_rules": [],
                "placement_group_id": "",
                "placement_group_partition": 0
              }
            ],
            "platform_id": "standard-v1",
            "resources": [
              {
                "core_fraction": 100,
                "cores": 2,
                "gpus": 0,
                "memory": 2
              }
            ],
            "scheduling_policy": [
              {
                "preemptible": false
              }
            ],
            "secondary_disk": [],
            "service_account_id": "",
            "status": "running",
            "timeouts": null,
            "zone": "ru-central1-b"
          },
          "sensitive_attributes": [],
          "private": "eyJlMmJmYjczMC1lY2FhLTExZTYtOGY4OC0zNDM2M2JjN2M0YzAiOnsiY3JlYXRlIjozMDAwMDAwMDAwMDAsImRlbGV0ZSI6MzAwMDAwMDAwMDAwLCJ1cGRhdGUiOjMwMDAwMDAwMDAwMH0sInNjaGVtYV92ZXJzaW9uIjoiMSJ9",
          "dependencies": [
            "data.yandex_compute_image.ubuntu2404",
            "data.yandex_vpc_network.default",
            "yandex_vpc_subnet.subnet01"
          ]
        },
        {
          "index_key": 2,
          "schema_version": 1,
          "attributes": {
            "allow_recreate": null,
            "allow_stopping_for_update": null,
            "boot_disk": [
              {
                "auto_delete": true,
                "device_name": "epd5jm113lqodoe40ipa",
                "disk_id": "epd5jm113lqodoe40ipa",
                "initialize_params": [
                  {
                    "block_size": 4096,
                    "description": "",
                    "image_id": "fd8o9coe41hlf4uc194g",
                    "name": "boot-disk-mycluster3",
                    "size": 10,
                    "snapshot_id": "",
                    "type": "network-hdd"
                  }
                ],
                "mode": "READ_WRITE"
              }
            ],
            "created_at": "2024-12-17T16:54:35Z",
            "description": "",
            "filesystem": [],
            "folder_id": "b1ghnhdkga964vm8vfu6",
            "fqdn": "mycluster3.ru-central1.internal",
            "gpu_cluster_id": "",
            "hardware_generation": [
              {
                "generation2_features": [],
                "legacy_features": [
                  {
                    "pci_topology": "PCI_TOPOLOGY_V1"
                  }
                ]
              }
            ],
            "hostname": "mycluster3",
            "id": "epdp0vg22qr4cf8au80l",
            "labels": {},
            "local_disk": [],
            "maintenance_grace_period": "",
            "maintenance_policy": null,
            "metadata": {
              "ssh-keys": "ubuntu:ssh-ed25519 AAAAC3NzaC1lZDI1NTE5AAAAIFsv6OblDNKcWCXVFwd7wFacShcXDYt/mqBrPConqp8f itbn@LearningMachine1\n"
            },
            "metadata_options": [
              {
                "aws_v1_http_endpoint": 1,
                "aws_v1_http_token": 2,
                "gce_http_endpoint": 1,
                "gce_http_token": 1
              }
            ],
            "name": "mycluster3",
            "network_acceleration_type": "standard",
            "network_interface": [
              {
                "dns_record": [],
                "index": 0,
                "ip_address": "10.16.0.35",
                "ipv4": true,
                "ipv6": false,
                "ipv6_address": "",
                "ipv6_dns_record": [],
                "mac_address": "d0:0d:19:07:e0:21",
                "nat": true,
                "nat_dns_record": [],
                "nat_ip_address": "89.169.174.185",
                "nat_ip_version": "IPV4",
                "security_group_ids": [],
                "subnet_id": "e2lm7d8l1lrlmhf5tv0n"
              }
            ],
            "placement_policy": [
              {
                "host_affinity_rules": [],
                "placement_group_id": "",
                "placement_group_partition": 0
              }
            ],
            "platform_id": "standard-v1",
            "resources": [
              {
                "core_fraction": 100,
                "cores": 2,
                "gpus": 0,
                "memory": 2
              }
            ],
            "scheduling_policy": [
              {
                "preemptible": false
              }
            ],
            "secondary_disk": [],
            "service_account_id": "",
            "status": "running",
            "timeouts": null,
            "zone": "ru-central1-b"
          },
          "sensitive_attributes": [],
          "private": "eyJlMmJmYjczMC1lY2FhLTExZTYtOGY4OC0zNDM2M2JjN2M0YzAiOnsiY3JlYXRlIjozMDAwMDAwMDAwMDAsImRlbGV0ZSI6MzAwMDAwMDAwMDAwLCJ1cGRhdGUiOjMwMDAwMDAwMDAwMH0sInNjaGVtYV92ZXJzaW9uIjoiMSJ9",
          "dependencies": [
            "data.yandex_compute_image.ubuntu2404",
            "data.yandex_vpc_network.default",
            "yandex_vpc_subnet.subnet01"
          ]
        }
      ]
    },
    {
      "mode": "managed",
      "type": "yandex_compute_instance",
      "name": "iscsi",
      "provider": "provider[\"registry.terraform.io/yandex-cloud/yandex\"]",
      "instances": [
        {
          "schema_version": 1,
          "attributes": {
            "allow_recreate": null,
            "allow_stopping_for_update": null,
            "boot_disk": [
              {
                "auto_delete": true,
                "device_name": "epdvua89j5krov4e868q",
                "disk_id": "epdvua89j5krov4e868q",
                "initialize_params": [
                  {
                    "block_size": 4096,
                    "description": "",
                    "image_id": "fd8o9coe41hlf4uc194g",
                    "name": "boot-disk-iscsi",
                    "size": 10,
                    "snapshot_id": "",
                    "type": "network-hdd"
                  }
                ],
                "mode": "READ_WRITE"
              }
            ],
            "created_at": "2024-12-17T16:54:45Z",
            "description": "",
            "filesystem": [],
            "folder_id": "b1ghnhdkga964vm8vfu6",
            "fqdn": "iscsi.ru-central1.internal",
            "gpu_cluster_id": "",
            "hardware_generation": [
              {
                "generation2_features": [],
                "legacy_features": [
                  {
                    "pci_topology": "PCI_TOPOLOGY_V1"
                  }
                ]
              }
            ],
            "hostname": "iscsi",
            "id": "epdcg3m78hkso14jitdj",
            "labels": {},
            "local_disk": [],
            "maintenance_grace_period": "",
            "maintenance_policy": null,
            "metadata": {
              "ssh-keys": "ubuntu:ssh-ed25519 AAAAC3NzaC1lZDI1NTE5AAAAIFsv6OblDNKcWCXVFwd7wFacShcXDYt/mqBrPConqp8f itbn@LearningMachine1\n"
            },
            "metadata_options": [
              {
                "aws_v1_http_endpoint": 1,
                "aws_v1_http_token": 2,
                "gce_http_endpoint": 1,
                "gce_http_token": 1
              }
            ],
            "name": "iscsi",
            "network_acceleration_type": "standard",
            "network_interface": [
              {
                "dns_record": [],
                "index": 0,
                "ip_address": "10.16.0.14",
                "ipv4": true,
                "ipv6": false,
                "ipv6_address": "",
                "ipv6_dns_record": [],
                "mac_address": "d0:0d:c8:0e:c7:44",
                "nat": true,
                "nat_dns_record": [],
                "nat_ip_address": "158.160.3.84",
                "nat_ip_version": "IPV4",
                "security_group_ids": [],
                "subnet_id": "e2lm7d8l1lrlmhf5tv0n"
              }
            ],
            "placement_policy": [
              {
                "host_affinity_rules": [],
                "placement_group_id": "",
                "placement_group_partition": 0
              }
            ],
            "platform_id": "standard-v1",
            "resources": [
              {
                "core_fraction": 100,
                "cores": 2,
                "gpus": 0,
                "memory": 2
              }
            ],
            "scheduling_policy": [
              {
                "preemptible": false
              }
            ],
            "secondary_disk": [
              {
                "auto_delete": false,
                "device_name": "shared_disk",
                "disk_id": "epdgal63chng41pl7527",
                "mode": "READ_WRITE"
              }
            ],
            "service_account_id": "",
            "status": "running",
            "timeouts": null,
            "zone": "ru-central1-b"
          },
          "sensitive_attributes": [],
          "private": "eyJlMmJmYjczMC1lY2FhLTExZTYtOGY4OC0zNDM2M2JjN2M0YzAiOnsiY3JlYXRlIjozMDAwMDAwMDAwMDAsImRlbGV0ZSI6MzAwMDAwMDAwMDAwLCJ1cGRhdGUiOjMwMDAwMDAwMDAwMH0sInNjaGVtYV92ZXJzaW9uIjoiMSJ9",
          "dependencies": [
            "data.yandex_compute_image.ubuntu2404",
            "data.yandex_vpc_network.default",
            "yandex_compute_disk.shared_disk",
            "yandex_vpc_subnet.subnet01"
          ]
        }
      ]
    },
    {
      "mode": "managed",
      "type": "yandex_vpc_subnet",
      "name": "subnet01",
      "provider": "provider[\"registry.terraform.io/yandex-cloud/yandex\"]",
      "instances": [
        {
          "schema_version": 0,
          "attributes": {
            "created_at": "2024-12-17T16:54:35Z",
            "description": "",
            "dhcp_options": [],
            "folder_id": "b1ghnhdkga964vm8vfu6",
            "id": "e2lm7d8l1lrlmhf5tv0n",
            "labels": {},
            "name": "subnet01",
            "network_id": "enp014etv9tm4bcju6bq",
            "route_table_id": "",
            "timeouts": null,
            "v4_cidr_blocks": [
              "10.16.0.0/24"
            ],
            "v6_cidr_blocks": [],
            "zone": "ru-central1-b"
          },
          "sensitive_attributes": [],
          "private": "eyJlMmJmYjczMC1lY2FhLTExZTYtOGY4OC0zNDM2M2JjN2M0YzAiOnsiY3JlYXRlIjoxODAwMDAwMDAwMDAsImRlbGV0ZSI6MTgwMDAwMDAwMDAwLCJ1cGRhdGUiOjE4MDAwMDAwMDAwMH19",
          "dependencies": [
            "data.yandex_vpc_network.default"
          ]
        }
      ]
    }
  ],
  "check_results": null
}
